// !$*UTF8*$!
{
	archiveVersion = 1;
	classes = {
	};
	objectVersion = 50;
	objects = {

/* Begin PBXBuildFile section */
		ADCB690E20765649006AF9C9 /* AppDelegate.swift in Sources */ = {isa = PBXBuildFile; fileRef = ADCB690D20765649006AF9C9 /* AppDelegate.swift */; };
		ADCB691020765649006AF9C9 /* ViewController.swift in Sources */ = {isa = PBXBuildFile; fileRef = ADCB690F20765649006AF9C9 /* ViewController.swift */; };
		ADCB691320765649006AF9C9 /* Main.storyboard in Resources */ = {isa = PBXBuildFile; fileRef = ADCB691120765649006AF9C9 /* Main.storyboard */; };
		ADCB69152076564B006AF9C9 /* Assets.xcassets in Resources */ = {isa = PBXBuildFile; fileRef = ADCB69142076564B006AF9C9 /* Assets.xcassets */; };
		ADCB69182076564B006AF9C9 /* LaunchScreen.storyboard in Resources */ = {isa = PBXBuildFile; fileRef = ADCB69162076564B006AF9C9 /* LaunchScreen.storyboard */; };
		ADCB69202076591E006AF9C9 /* Product.swift in Sources */ = {isa = PBXBuildFile; fileRef = ADCB691F2076591E006AF9C9 /* Product.swift */; };
		ADCB69222076650B006AF9C9 /* ProductCell.swift in Sources */ = {isa = PBXBuildFile; fileRef = ADCB69212076650B006AF9C9 /* ProductCell.swift */; };
		ADCB692420766530006AF9C9 /* Extension.swift in Sources */ = {isa = PBXBuildFile; fileRef = ADCB692320766530006AF9C9 /* Extension.swift */; };
/* End PBXBuildFile section */

/* Begin PBXFileReference section */
		ADCB690A20765649006AF9C9 /* Sample_TableView.app */ = {isa = PBXFileReference; explicitFileType = wrapper.application; includeInIndex = 0; path = Sample_TableView.app; sourceTree = BUILT_PRODUCTS_DIR; };
		ADCB690D20765649006AF9C9 /* AppDelegate.swift */ = {isa = PBXFileReference; lastKnownFileType = sourcecode.swift; path = AppDelegate.swift; sourceTree = "<group>"; };
		ADCB690F20765649006AF9C9 /* ViewController.swift */ = {isa = PBXFileReference; lastKnownFileType = sourcecode.swift; path = ViewController.swift; sourceTree = "<group>"; };
		ADCB691220765649006AF9C9 /* Base */ = {isa = PBXFileReference; lastKnownFileType = file.storyboard; name = Base; path = Base.lproj/Main.storyboard; sourceTree = "<group>"; };
		ADCB69142076564B006AF9C9 /* Assets.xcassets */ = {isa = PBXFileReference; lastKnownFileType = folder.assetcatalog; path = Assets.xcassets; sourceTree = "<group>"; };
		ADCB69172076564B006AF9C9 /* Base */ = {isa = PBXFileReference; lastKnownFileType = file.storyboard; name = Base; path = Base.lproj/LaunchScreen.storyboard; sourceTree = "<group>"; };
		ADCB69192076564B006AF9C9 /* Info.plist */ = {isa = PBXFileReference; lastKnownFileType = text.plist.xml; path = Info.plist; sourceTree = "<group>"; };
		ADCB691F2076591E006AF9C9 /* Product.swift */ = {isa = PBXFileReference; lastKnownFileType = sourcecode.swift; path = Product.swift; sourceTree = "<group>"; };
		ADCB69212076650B006AF9C9 /* ProductCell.swift */ = {isa = PBXFileReference; lastKnownFileType = sourcecode.swift; path = ProductCell.swift; sourceTree = "<group>"; };
		ADCB692320766530006AF9C9 /* Extension.swift */ = {isa = PBXFileReference; lastKnownFileType = sourcecode.swift; path = Extension.swift; sourceTree = "<group>"; };
/* End PBXFileReference section */

/* Begin PBXFrameworksBuildPhase section */
		ADCB690720765649006AF9C9 /* Frameworks */ = {
			isa = PBXFrameworksBuildPhase;
			buildActionMask = 2147483647;
			files = (
			);
			runOnlyForDeploymentPostprocessing = 0;
		};
/* End PBXFrameworksBuildPhase section */

/* Begin PBXGroup section */
		ADCB690120765649006AF9C9 = {
			isa = PBXGroup;
			children = (
				ADCB690C20765649006AF9C9 /* Sample_TableView */,
				ADCB690B20765649006AF9C9 /* Products */,
			);
			sourceTree = "<group>";
		};
		ADCB690B20765649006AF9C9 /* Products */ = {
			isa = PBXGroup;
			children = (
				ADCB690A20765649006AF9C9 /* Sample_TableView.app */,
			);
			name = Products;
			sourceTree = "<group>";
		};
		ADCB690C20765649006AF9C9 /* Sample_TableView */ = {
			isa = PBXGroup;
			children = (
				ADCB690D20765649006AF9C9 /* AppDelegate.swift */,
				ADCB690F20765649006AF9C9 /* ViewController.swift */,
				ADCB69212076650B006AF9C9 /* ProductCell.swift */,
				ADCB691F2076591E006AF9C9 /* Product.swift */,
				ADCB692320766530006AF9C9 /* Extension.swift */,
				ADCB691120765649006AF9C9 /* Main.storyboard */,
				ADCB69142076564B006AF9C9 /* Assets.xcassets */,
				ADCB69162076564B006AF9C9 /* LaunchScreen.storyboard */,
				ADCB69192076564B006AF9C9 /* Info.plist */,
			);
			path = Sample_TableView;
			sourceTree = "<group>";
		};
/* End PBXGroup section */

/* Begin PBXNativeTarget section */
		ADCB690920765649006AF9C9 /* Sample_TableView */ = {
			isa = PBXNativeTarget;
			buildConfigurationList = ADCB691C2076564B006AF9C9 /* Build configuration list for PBXNativeTarget "Sample_TableView" */;
			buildPhases = (
				ADCB690620765649006AF9C9 /* Sources */,
				ADCB690720765649006AF9C9 /* Frameworks */,
				ADCB690820765649006AF9C9 /* Resources */,
			);
			buildRules = (
			);
			dependencies = (
			);
			name = Sample_TableView;
			productName = Sample_TableView;
			productReference = ADCB690A20765649006AF9C9 /* Sample_TableView.app */;
			productType = "com.apple.product-type.application";
		};
/* End PBXNativeTarget section */

/* Begin PBXProject section */
		ADCB690220765649006AF9C9 /* Project object */ = {
			isa = PBXProject;
			attributes = {
				LastSwiftUpdateCheck = 0930;
				LastUpgradeCheck = 0930;
				ORGANIZATIONNAME = "Esat Kemal Ekren";
				TargetAttributes = {
					ADCB690920765649006AF9C9 = {
						CreatedOnToolsVersion = 9.3;
					};
				};
			};
			buildConfigurationList = ADCB690520765649006AF9C9 /* Build configuration list for PBXProject "Sample_TableView" */;
			compatibilityVersion = "Xcode 9.3";
			developmentRegion = en;
			hasScannedForEncodings = 0;
			knownRegions = (
				en,
				Base,
			);
			mainGroup = ADCB690120765649006AF9C9;
			productRefGroup = ADCB690B20765649006AF9C9 /* Products */;
			projectDirPath = "";
			projectRoot = "";
			targets = (
				ADCB690920765649006AF9C9 /* Sample_TableView */,
			);
		};
/* End PBXProject section */

/* Begin PBXResourcesBuildPhase section */
		ADCB690820765649006AF9C9 /* Resources */ = {
			isa = PBXResourcesBuildPhase;
			buildActionMask = 2147483647;
			files = (
				ADCB69182076564B006AF9C9 /* LaunchScreen.storyboard in Resources */,
				ADCB69152076564B006AF9C9 /* Assets.xcassets in Resources */,
				ADCB691320765649006AF9C9 /* Main.storyboard in Resources */,
			);
			runOnlyForDeploymentPostprocessing = 0;
		};
/* End PBXResourcesBuildPhase section */

/* Begin PBXSourcesBuildPhase section */
		ADCB690620765649006AF9C9 /* Sources */ = {
			isa = PBXSourcesBuildPhase;
			buildActionMask = 2147483647;
			files = (
				ADCB692420766530006AF9C9 /* Extension.swift in Sources */,
				ADCB691020765649006AF9C9 /* ViewController.swift in Sources */,
				ADCB69222076650B006AF9C9 /* ProductCell.swift in Sources */,
				ADCB690E20765649006AF9C9 /* AppDelegate.swift in Sources */,
				ADCB69202076591E006AF9C9 /* Product.swift in Sources */,
			);
			runOnlyForDeploymentPostprocessing = 0;
		};
/* End PBXSourcesBuildPhase section */

/* Begin PBXVariantGroup section */
		ADCB691120765649006AF9C9 /* Main.storyboard */ = {
			isa = PBXVariantGroup;
			children = (
				ADCB691220765649006AF9C9 /* Base */,
			);
			name = Main.storyboard;
			sourceTree = "<group>";
		};
		ADCB69162076564B006AF9C9 /* LaunchScreen.storyboard */ = {
			isa = PBXVariantGroup;
			children = (
				ADCB69172076564B006AF9C9 /* Base */,
			);
			name = LaunchScreen.storyboard;
			sourceTree = "<group>";
		};
/* End PBXVariantGroup section */

/* Begin XCBuildConfiguration section */
		ADCB691A2076564B006AF9C9 /* Debug */ = {
			isa = XCBuildConfiguration;
			buildSettings = {
				ALWAYS_SEARCH_USER_PATHS = NO;
				CLANG_ANALYZER_NONNULL = YES;
				CLANG_ANALYZER_NUMBER_OBJECT_CONVERSION = YES_AGGRESSIVE;
				CLANG_CXX_LANGUAGE_STANDARD = "gnu++14";
				CLANG_CXX_LIBRARY = "libc++";
				CLANG_ENABLE_MODULES = YES;
				CLANG_ENABLE_OBJC_ARC = YES;
				CLANG_ENABLE_OBJC_WEAK = YES;
				CLANG_WARN_BLOCK_CAPTURE_AUTORELEASING = YES;
				CLANG_WARN_BOOL_CONVERSION = YES;
				CLANG_WARN_COMMA = YES;
				CLANG_WARN_CONSTANT_CONVERSION = YES;
				CLANG_WARN_DEPRECATED_OBJC_IMPLEMENTATIONS = YES;
				CLANG_WARN_DIRECT_OBJC_ISA_USAGE = YES_ERROR;
				CLANG_WARN_DOCUMENTATION_COMMENTS = YES;
				CLANG_WARN_EMPTY_BODY = YES;
				CLANG_WARN_ENUM_CONVERSION = YES;
				CLANG_WARN_INFINITE_RECURSION = YES;
				CLANG_WARN_INT_CONVERSION = YES;
				CLANG_WARN_NON_LITERAL_NULL_CONVERSION = YES;
				CLANG_WARN_OBJC_IMPLICIT_RETAIN_SELF = YES;
				CLANG_WARN_OBJC_LITERAL_CONVERSION = YES;
				CLANG_WARN_OBJC_ROOT_CLASS = YES_ERROR;
				CLANG_WARN_RANGE_LOOP_ANALYSIS = YES;
				CLANG_WARN_STRICT_PROTOTYPES = YES;
				CLANG_WARN_SUSPICIOUS_MOVE = YES;
				CLANG_WARN_UNGUARDED_AVAILABILITY = YES_AGGRESSIVE;
				CLANG_WARN_UNREACHABLE_CODE = YES;
				CLANG_WARN__DUPLICATE_METHOD_MATCH = YES;
				CODE_SIGN_IDENTITY = "iPhone Developer";
				COPY_PHASE_STRIP = NO;
				DEBUG_INFORMATION_FORMAT = dwarf;
				ENABLE_STRICT_OBJC_MSGSEND = YES;
				ENABLE_TESTABILITY = YES;
				GCC_C_LANGUAGE_STANDARD = gnu11;
				GCC_DYNAMIC_NO_PIC = NO;
				GCC_NO_COMMON_BLOCKS = YES;
				GCC_OPTIMIZATION_LEVEL = 0;
				GCC_PREPROCESSOR_DEFINITIONS = (
					"DEBUG=1",
					"$(inherited)",
				);
				GCC_WARN_64_TO_32_BIT_CONVERSION = YES;
				GCC_WARN_ABOUT_RETURN_TYPE = YES_ERROR;
				GCC_WARN_UNDECLARED_SELECTOR = YES;
				GCC_WARN_UNINITIALIZED_AUTOS = YES_AGGRESSIVE;
				GCC_WARN_UNUSED_FUNCTION = YES;
				GCC_WARN_UNUSED_VARIABLE = YES;
				IPHONEOS_DEPLOYMENT_TARGET = 11.3;
				MTL_ENABLE_DEBUG_INFO = YES;
				ONLY_ACTIVE_ARCH = YES;
				SDKROOT = iphoneos;
				SWIFT_ACTIVE_COMPILATION_CONDITIONS = DEBUG;
				SWIFT_OPTIMIZATION_LEVEL = "-Onone";
			};
			name = Debug;
		};
		ADCB691B2076564B006AF9C9 /* Release */ = {
			isa = XCBuildConfiguration;
			buildSettings = {
				ALWAYS_SEARCH_USER_PATHS = NO;
				CLANG_ANALYZER_NONNULL = YES;
				CLANG_ANALYZER_NUMBER_OBJECT_CONVERSION = YES_AGGRESSIVE;
				CLANG_CXX_LANGUAGE_STANDARD = "gnu++14";
				CLANG_CXX_LIBRARY = "libc++";
				CLANG_ENABLE_MODULES = YES;
				CLANG_ENABLE_OBJC_ARC = YES;
				CLANG_ENABLE_OBJC_WEAK = YES;
				CLANG_WARN_BLOCK_CAPTURE_AUTORELEASING = YES;
				CLANG_WARN_BOOL_CONVERSION = YES;
				CLANG_WARN_COMMA = YES;
				CLANG_WARN_CONSTANT_CONVERSION = YES;
				CLANG_WARN_DEPRECATED_OBJC_IMPLEMENTATIONS = YES;
				CLANG_WARN_DIRECT_OBJC_ISA_USAGE = YES_ERROR;
				CLANG_WARN_DOCUMENTATION_COMMENTS = YES;
				CLANG_WARN_EMPTY_BODY = YES;
				CLANG_WARN_ENUM_CONVERSION = YES;
				CLANG_WARN_INFINITE_RECURSION = YES;
				CLANG_WARN_INT_CONVERSION = YES;
				CLANG_WARN_NON_LITERAL_NULL_CONVERSION = YES;
				CLANG_WARN_OBJC_IMPLICIT_RETAIN_SELF = YES;
				CLANG_WARN_OBJC_LITERAL_CONVERSION = YES;
				CLANG_WARN_OBJC_ROOT_CLASS = YES_ERROR;
				CLANG_WARN_RANGE_LOOP_ANALYSIS = YES;
				CLANG_WARN_STRICT_PROTOTYPES = YES;
				CLANG_WARN_SUSPICIOUS_MOVE = YES;
				CLANG_WARN_UNGUARDED_AVAILABILITY = YES_AGGRESSIVE;
				CLANG_WARN_UNREACHABLE_CODE = YES;
				CLANG_WARN__DUPLICATE_METHOD_MATCH = YES;
				CODE_SIGN_IDENTITY = "iPhone Developer";
				COPY_PHASE_STRIP = NO;
				DEBUG_INFORMATION_FORMAT = "dwarf-with-dsym";
				ENABLE_NS_ASSERTIONS = NO;
				ENABLE_STRICT_OBJC_MSGSEND = YES;
				GCC_C_LANGUAGE_STANDARD = gnu11;
				GCC_NO_COMMON_BLOCKS = YES;
				GCC_WARN_64_TO_32_BIT_CONVERSION = YES;
				GCC_WARN_ABOUT_RETURN_TYPE = YES_ERROR;
				GCC_WARN_UNDECLARED_SELECTOR = YES;
				GCC_WARN_UNINITIALIZED_AUTOS = YES_AGGRESSIVE;
				GCC_WARN_UNUSED_FUNCTION = YES;
				GCC_WARN_UNUSED_VARIABLE = YES;
				IPHONEOS_DEPLOYMENT_TARGET = 11.3;
				MTL_ENABLE_DEBUG_INFO = NO;
				SDKROOT = iphoneos;
				SWIFT_COMPILATION_MODE = wholemodule;
				SWIFT_OPTIMIZATION_LEVEL = "-O";
				VALIDATE_PRODUCT = YES;
			};
			name = Release;
		};
		ADCB691D2076564B006AF9C9 /* Debug */ = {
			isa = XCBuildConfiguration;
			buildSettings = {
				ASSETCATALOG_COMPILER_APPICON_NAME = AppIcon;
				CODE_SIGN_IDENTITY = "iPhone Developer";
				CODE_SIGN_STYLE = Automatic;
				DEVELOPMENT_TEAM = ALGWK3D6BW;
				INFOPLIST_FILE = Sample_TableView/Info.plist;
				LD_RUNPATH_SEARCH_PATHS = (
					"$(inherited)",
					"@executable_path/Frameworks",
				);
				PRODUCT_BUNDLE_IDENTIFIER = "idealistyazilim.com.Sample-TableView";
				PRODUCT_NAME = "$(TARGET_NAME)";
				PROVISIONING_PROFILE_SPECIFIER = "";
				SWIFT_VERSION = 4.0;
				TARGETED_DEVICE_FAMILY = "1,2";
			};
			name = Debug;
		};
		ADCB691E2076564B006AF9C9 /* Release */ = {
			isa = XCBuildConfiguration;
			buildSettings = {
				ASSETCATALOG_COMPILER_APPICON_NAME = AppIcon;
				CODE_SIGN_IDENTITY = "iPhone Developer";
				CODE_SIGN_STYLE = Automatic;
				DEVELOPMENT_TEAM = ALGWK3D6BW;
				INFOPLIST_FILE = Sample_TableView/Info.plist;
				LD_RUNPATH_SEARCH_PATHS = (
					"$(inherited)",
					"@executable_path/Frameworks",
				);
				PRODUCT_BUNDLE_IDENTIFIER = "idealistyazilim.com.Sample-TableView";
				PRODUCT_NAME = "$(TARGET_NAME)";
				PROVISIONING_PROFILE_SPECIFIER = "";
				SWIFT_VERSION = 4.0;
				TARGETED_DEVICE_FAMILY = "1,2";
			};
			name = Release;
		};
/* End XCBuildConfiguration section */

/* Begin XCConfigurationList section */
		ADCB690520765649006AF9C9 /* Build configuration list for PBXProject "Sample_TableView" */ = {
			isa = XCConfigurationList;
			buildConfigurations = (
				ADCB691A2076564B006AF9C9 /* Debug */,
				ADCB691B2076564B006AF9C9 /* Release */,
			);
			defaultConfigurationIsVisible = 0;
			defaultConfigurationName = Release;
		};
		ADCB691C2076564B006AF9C9 /* Build configuration list for PBXNativeTarget "Sample_TableView" */ = {
			isa = XCConfigurationList;
			buildConfigurations = (
				ADCB691D2076564B006AF9C9 /* Debug */,
				ADCB691E2076564B006AF9C9 /* Release */,
			);
			defaultConfigurationIsVisible = 0;
			defaultConfigurationName = Release;
		};
/* End XCConfigurationList section */
	};
	rootObject = ADCB690220765649006AF9C9 /* Project object */;
}
